
Microsoft Visual Studio Solution File, Format Version 12.00
# Visual Studio Version 17
VisualStudioVersion = 17.1.32210.238
MinimumVisualStudioVersion = 10.0.40219.1
Project("{FAE04EC0-301F-11D3-BF4B-00C04F79EFBC}") = "BlazorApp1", "BlazorApp1.csproj", "{FDEA1AB3-E3A0-4519-B234-758048D8A393}"
EndProject
Global
	GlobalSection(SolutionConfigurationPlatforms) = preSolution
		Debug|Any CPU = Debug|Any CPU
		Release|Any CPU = Release|Any CPU
	EndGlobalSection
	GlobalSection(ProjectConfigurationPlatforms) = postSolution
		{FDEA1AB3-E3A0-4519-B234-758048D8A393}.Debug|Any CPU.ActiveCfg = Debug|Any CPU
		{FDEA1AB3-E3A0-4519-B234-758048D8A393}.Debug|Any CPU.Build.0 = Debug|Any CPU
		{FDEA1AB3-E3A0-4519-B234-758048D8A393}.Release|Any CPU.ActiveCfg = Release|Any CPU
		{FDEA1AB3-E3A0-4519-B234-758048D8A393}.Release|Any CPU.Build.0 = Release|Any CPU
	EndGlobalSection
	GlobalSection(SolutionProperties) = preSolution
		HideSolutionNode = FALSE
	EndGlobalSection
	GlobalSection(ExtensibilityGlobals) = postSolution
		SolutionGuid = {40D2669D-9631-46D7-993F-7995A1880375}
	EndGlobalSection
EndGlobal
